
Microsoft Visual Studio Solution File, Format Version 12.00
# Visual Studio 14
VisualStudioVersion = 14.0.25420.1
MinimumVisualStudioVersion = 10.0.40219.1
Project("{E24C65DC-7377-472B-9ABA-BC803B73C61A}") = "WebApp", "..\..\..\..\Desktop\RNMU\WebApp\", "{D340BFF5-4B92-4890-8B9B-D009078BF4D7}"
	ProjectSection(WebsiteProperties) = preProject
		TargetFrameworkMoniker = ".NETFramework,Version%3Dv4.6.1"
		Debug.AspNetCompiler.VirtualPath = "/localhost_1843"
		Debug.AspNetCompiler.PhysicalPath = "..\..\..\..\Desktop\RNMU\WebApp\"
		Debug.AspNetCompiler.TargetPath = "PrecompiledWeb\localhost_1843\"
		Debug.AspNetCompiler.Updateable = "true"
		Debug.AspNetCompiler.ForceOverwrite = "true"
		Debug.AspNetCompiler.FixedNames = "false"
		Debug.AspNetCompiler.Debug = "True"
		Release.AspNetCompiler.VirtualPath = "/localhost_1843"
		Release.AspNetCompiler.PhysicalPath = "..\..\..\..\Desktop\RNMU\WebApp\"
		Release.AspNetCompiler.TargetPath = "PrecompiledWeb\localhost_1843\"
		Release.AspNetCompiler.Updateable = "true"
		Release.AspNetCompiler.ForceOverwrite = "true"
		Release.AspNetCompiler.FixedNames = "false"
		Release.AspNetCompiler.Debug = "False"
		VWDPort = "1843"
		SlnRelativePath = "..\..\..\..\Desktop\RNMU\WebApp\"
		DefaultWebSiteLanguage = "Visual C#"
	EndProjectSection
EndProject
Project("{FAE04EC0-301F-11D3-BF4B-00C04F79EFBC}") = "DatabaseLayer", "DatabaseLayer\DatabaseLayer.csproj", "{60A81374-5689-4765-A3CB-C2C693DC5737}"
EndProject
Project("{FAE04EC0-301F-11D3-BF4B-00C04F79EFBC}") = "Globals", "Globals\Globals.csproj", "{4BEAC9F9-0EFB-42D5-B978-32DDF9D74D3A}"
EndProject
Project("{FAE04EC0-301F-11D3-BF4B-00C04F79EFBC}") = "Security", "Security\Security.csproj", "{200ECCF7-23FA-490F-B9E7-04883F01C698}"
EndProject
Global
	GlobalSection(SolutionConfigurationPlatforms) = preSolution
		Debug|Any CPU = Debug|Any CPU
		Release|Any CPU = Release|Any CPU
	EndGlobalSection
	GlobalSection(ProjectConfigurationPlatforms) = postSolution
		{D340BFF5-4B92-4890-8B9B-D009078BF4D7}.Debug|Any CPU.ActiveCfg = Debug|Any CPU
		{D340BFF5-4B92-4890-8B9B-D009078BF4D7}.Debug|Any CPU.Build.0 = Debug|Any CPU
		{D340BFF5-4B92-4890-8B9B-D009078BF4D7}.Release|Any CPU.ActiveCfg = Debug|Any CPU
		{D340BFF5-4B92-4890-8B9B-D009078BF4D7}.Release|Any CPU.Build.0 = Debug|Any CPU
		{60A81374-5689-4765-A3CB-C2C693DC5737}.Debug|Any CPU.ActiveCfg = Debug|Any CPU
		{60A81374-5689-4765-A3CB-C2C693DC5737}.Debug|Any CPU.Build.0 = Debug|Any CPU
		{60A81374-5689-4765-A3CB-C2C693DC5737}.Release|Any CPU.ActiveCfg = Release|Any CPU
		{60A81374-5689-4765-A3CB-C2C693DC5737}.Release|Any CPU.Build.0 = Release|Any CPU
		{4BEAC9F9-0EFB-42D5-B978-32DDF9D74D3A}.Debug|Any CPU.ActiveCfg = Debug|Any CPU
		{4BEAC9F9-0EFB-42D5-B978-32DDF9D74D3A}.Debug|Any CPU.Build.0 = Debug|Any CPU
		{4BEAC9F9-0EFB-42D5-B978-32DDF9D74D3A}.Release|Any CPU.ActiveCfg = Release|Any CPU
		{4BEAC9F9-0EFB-42D5-B978-32DDF9D74D3A}.Release|Any CPU.Build.0 = Release|Any CPU
		{200ECCF7-23FA-490F-B9E7-04883F01C698}.Debug|Any CPU.ActiveCfg = Debug|Any CPU
		{200ECCF7-23FA-490F-B9E7-04883F01C698}.Debug|Any CPU.Build.0 = Debug|Any CPU
		{200ECCF7-23FA-490F-B9E7-04883F01C698}.Release|Any CPU.ActiveCfg = Release|Any CPU
		{200ECCF7-23FA-490F-B9E7-04883F01C698}.Release|Any CPU.Build.0 = Release|Any CPU
	EndGlobalSection
	GlobalSection(SolutionProperties) = preSolution
		HideSolutionNode = FALSE
	EndGlobalSection
EndGlobal
